
Microsoft Visual Studio Solution File, Format Version 12.00
# Visual Studio Version 17
VisualStudioVersion = 17.5.002.0
MinimumVisualStudioVersion = 10.0.40219.1
Project("{9A19103F-16F7-4668-BE54-9A1E7A4F7556}") = "Dapper.Console", "Dapper.Console\Dapper.Console.csproj", "{CB7A5DE8-E554-4233-A89E-D63FA2C05F4E}"
EndProject
Global
	GlobalSection(SolutionConfigurationPlatforms) = preSolution
		Debug|Any CPU = Debug|Any CPU
		Release|Any CPU = Release|Any CPU
	EndGlobalSection
	GlobalSection(ProjectConfigurationPlatforms) = postSolution
		{CB7A5DE8-E554-4233-A89E-D63FA2C05F4E}.Debug|Any CPU.ActiveCfg = Debug|Any CPU
		{CB7A5DE8-E554-4233-A89E-D63FA2C05F4E}.Debug|Any CPU.Build.0 = Debug|Any CPU
		{CB7A5DE8-E554-4233-A89E-D63FA2C05F4E}.Release|Any CPU.ActiveCfg = Release|Any CPU
		{CB7A5DE8-E554-4233-A89E-D63FA2C05F4E}.Release|Any CPU.Build.0 = Release|Any CPU
	EndGlobalSection
	GlobalSection(SolutionProperties) = preSolution
		HideSolutionNode = FALSE
	EndGlobalSection
	GlobalSection(ExtensibilityGlobals) = postSolution
		SolutionGuid = {C51496FC-8058-4B4B-BF25-587F2EA53EB5}
	EndGlobalSection
EndGlobal
